// !$*UTF8*$!
{
	archiveVersion = 1;
	classes = {
	};
	objectVersion = 56;
	objects = {

/* Begin PBXBuildFile section */
		987AA2772C2EEEB3007EF100 /* WidgetKit.framework in Frameworks */ = {isa = PBXBuildFile; fileRef = 987AA2592C2EC870007EF100 /* WidgetKit.framework */; };
		987AA2782C2EEEB3007EF100 /* SwiftUI.framework in Frameworks */ = {isa = PBXBuildFile; fileRef = 987AA25B2C2EC870007EF100 /* SwiftUI.framework */; };
		987AA27B2C2EEEB3007EF100 /* ChatAppWidgetBundle.swift in Sources */ = {isa = PBXBuildFile; fileRef = 987AA27A2C2EEEB3007EF100 /* ChatAppWidgetBundle.swift */; };
		987AA27D2C2EEEB3007EF100 /* ChatAppWidget.swift in Sources */ = {isa = PBXBuildFile; fileRef = 987AA27C2C2EEEB3007EF100 /* ChatAppWidget.swift */; };
		987AA27F2C2EEEB6007EF100 /* Assets.xcassets in Resources */ = {isa = PBXBuildFile; fileRef = 987AA27E2C2EEEB6007EF100 /* Assets.xcassets */; };
		987AA2832C2EEEB6007EF100 /* ChatAppWidgetExtension.appex in Embed Foundation Extensions */ = {isa = PBXBuildFile; fileRef = 987AA2762C2EEEB3007EF100 /* ChatAppWidgetExtension.appex */; settings = {ATTRIBUTES = (RemoveHeadersOnCopy, ); }; };
		987AA2882C2EF5DC007EF100 /* SmallSizeWidgetView.swift in Sources */ = {isa = PBXBuildFile; fileRef = 987AA2872C2EF5DC007EF100 /* SmallSizeWidgetView.swift */; };
		987AA28A2C2EF5EB007EF100 /* MediumSizeWidgetView.swift in Sources */ = {isa = PBXBuildFile; fileRef = 987AA2892C2EF5EB007EF100 /* MediumSizeWidgetView.swift */; };
		987AA28F2C2F5415007EF100 /* ChatInfo.swift in Sources */ = {isa = PBXBuildFile; fileRef = 987AA28E2C2F5415007EF100 /* ChatInfo.swift */; };
		987AA2912C2F54C2007EF100 /* ChatInfo.swift in Sources */ = {isa = PBXBuildFile; fileRef = 987AA28E2C2F5415007EF100 /* ChatInfo.swift */; };
		987AA2932C2F5561007EF100 /* Status.swift in Sources */ = {isa = PBXBuildFile; fileRef = 987AA2922C2F5561007EF100 /* Status.swift */; };
		987AA2942C2F5565007EF100 /* Status.swift in Sources */ = {isa = PBXBuildFile; fileRef = 987AA2922C2F5561007EF100 /* Status.swift */; };
		987AA2972C2F5814007EF100 /* AvatarView.swift in Sources */ = {isa = PBXBuildFile; fileRef = 987AA2962C2F5814007EF100 /* AvatarView.swift */; };
		987AA2982C2F582C007EF100 /* AvatarView.swift in Sources */ = {isa = PBXBuildFile; fileRef = 98D5E90C2C246043004D493C /* AvatarView.swift */; };
		987AA29A2C2F5C80007EF100 /* MessageView.swift in Sources */ = {isa = PBXBuildFile; fileRef = 987AA2992C2F5C7F007EF100 /* MessageView.swift */; };
		987AA29C2C306421007EF100 /* MockChatService.swift in Sources */ = {isa = PBXBuildFile; fileRef = 987AA29B2C306420007EF100 /* MockChatService.swift */; };
		987AA29D2C30657E007EF100 /* MockChatService.swift in Sources */ = {isa = PBXBuildFile; fileRef = 987AA29B2C306420007EF100 /* MockChatService.swift */; };
		987AA2A12C3091B2007EF100 /* HeaderView.swift in Sources */ = {isa = PBXBuildFile; fileRef = 987AA2A02C3091B2007EF100 /* HeaderView.swift */; };
		987AA2A52C309A0B007EF100 /* Fonts.swift in Sources */ = {isa = PBXBuildFile; fileRef = 98CBE6D32C161F9600D445FD /* Fonts.swift */; };
		98CBE6BF2C161E1900D445FD /* ChatAppApp.swift in Sources */ = {isa = PBXBuildFile; fileRef = 98CBE6BE2C161E1900D445FD /* ChatAppApp.swift */; };
		98CBE6C12C161E1900D445FD /* ContentView.swift in Sources */ = {isa = PBXBuildFile; fileRef = 98CBE6C02C161E1900D445FD /* ContentView.swift */; };
		98CBE6C32C161E1F00D445FD /* Assets.xcassets in Resources */ = {isa = PBXBuildFile; fileRef = 98CBE6C22C161E1F00D445FD /* Assets.xcassets */; };
		98CBE6C72C161E1F00D445FD /* Preview Assets.xcassets in Resources */ = {isa = PBXBuildFile; fileRef = 98CBE6C62C161E1F00D445FD /* Preview Assets.xcassets */; };
		98CBE6CE2C161F2200D445FD /* OnboardingScreen.swift in Sources */ = {isa = PBXBuildFile; fileRef = 98CBE6CD2C161F2200D445FD /* OnboardingScreen.swift */; };
		98CBE6D02C161F4600D445FD /* AuthScreen.swift in Sources */ = {isa = PBXBuildFile; fileRef = 98CBE6CF2C161F4600D445FD /* AuthScreen.swift */; };
		98CBE6D42C161F9600D445FD /* Fonts.swift in Sources */ = {isa = PBXBuildFile; fileRef = 98CBE6D32C161F9600D445FD /* Fonts.swift */; };
		98CBE6D72C161FC500D445FD /* MainButtonStyle.swift in Sources */ = {isa = PBXBuildFile; fileRef = 98CBE6D62C161FC500D445FD /* MainButtonStyle.swift */; };
		98D5E9022C22153D004D493C /* ContactsScreen.swift in Sources */ = {isa = PBXBuildFile; fileRef = 98D5E9012C22153D004D493C /* ContactsScreen.swift */; };
		98D5E9062C221617004D493C /* Person.swift in Sources */ = {isa = PBXBuildFile; fileRef = 98D5E9052C221617004D493C /* Person.swift */; };
		98D5E9082C236F04004D493C /* SearchView.swift in Sources */ = {isa = PBXBuildFile; fileRef = 98D5E9072C236F04004D493C /* SearchView.swift */; };
		98D5E90B2C245F6C004D493C /* ContactCell.swift in Sources */ = {isa = PBXBuildFile; fileRef = 98D5E90A2C245F6B004D493C /* ContactCell.swift */; };
		98D5E90F2C2460D0004D493C /* StatusView.swift in Sources */ = {isa = PBXBuildFile; fileRef = 98D5E90E2C2460D0004D493C /* StatusView.swift */; };
		98D5E9112C24611C004D493C /* StoryView.swift in Sources */ = {isa = PBXBuildFile; fileRef = 98D5E9102C24611C004D493C /* StoryView.swift */; };
		98D5E9142C247F6D004D493C /* ProfileScreen.swift in Sources */ = {isa = PBXBuildFile; fileRef = 98D5E9132C247F6C004D493C /* ProfileScreen.swift */; };
		98D5E91D2C24D3E8004D493C /* PersonAvatarView.swift in Sources */ = {isa = PBXBuildFile; fileRef = 98D5E91C2C24D3E8004D493C /* PersonAvatarView.swift */; };
		98D5E91F2C24D433004D493C /* DismissButtonView.swift in Sources */ = {isa = PBXBuildFile; fileRef = 98D5E91E2C24D433004D493C /* DismissButtonView.swift */; };
		98D5E9212C24D4AD004D493C /* PersonInfoView.swift in Sources */ = {isa = PBXBuildFile; fileRef = 98D5E9202C24D4AD004D493C /* PersonInfoView.swift */; };
		98E1DB112C31D18F00B0AAAB /* Provider.swift in Sources */ = {isa = PBXBuildFile; fileRef = 98E1DB0F2C31D18C00B0AAAB /* Provider.swift */; };
		98E1DB142C31D20100B0AAAB /* SimpleEntry.swift in Sources */ = {isa = PBXBuildFile; fileRef = 98E1DB122C31D1FF00B0AAAB /* SimpleEntry.swift */; };
		98E1DB162C31D25000B0AAAB /* WidgetView.swift in Sources */ = {isa = PBXBuildFile; fileRef = 98E1DB152C31D25000B0AAAB /* WidgetView.swift */; };
		98E1DB942C3431CC00B0AAAB /* AppIntent.swift in Sources */ = {isa = PBXBuildFile; fileRef = 98E1DB932C3431CC00B0AAAB /* AppIntent.swift */; };
		98E1DB962C343CB500B0AAAB /* Assets.xcassets in Resources */ = {isa = PBXBuildFile; fileRef = 98CBE6C22C161E1F00D445FD /* Assets.xcassets */; };
/* End PBXBuildFile section */

/* Begin PBXContainerItemProxy section */
		987AA2812C2EEEB6007EF100 /* PBXContainerItemProxy */ = {
			isa = PBXContainerItemProxy;
			containerPortal = 98CBE6B32C161E1900D445FD /* Project object */;
			proxyType = 1;
			remoteGlobalIDString = 987AA2752C2EEEB3007EF100;
			remoteInfo = ChatAppWidgetExtension;
		};
/* End PBXContainerItemProxy section */

/* Begin PBXCopyFilesBuildPhase section */
		987AA2682C2EC877007EF100 /* Embed Foundation Extensions */ = {
			isa = PBXCopyFilesBuildPhase;
			buildActionMask = 2147483647;
			dstPath = "";
			dstSubfolderSpec = 13;
			files = (
				987AA2832C2EEEB6007EF100 /* ChatAppWidgetExtension.appex in Embed Foundation Extensions */,
			);
			name = "Embed Foundation Extensions";
			runOnlyForDeploymentPostprocessing = 0;
		};
		98E1DB292C31D4EF00B0AAAB /* Embed ExtensionKit Extensions */ = {
			isa = PBXCopyFilesBuildPhase;
			buildActionMask = 2147483647;
			dstPath = "$(EXTENSIONS_FOLDER_PATH)";
			dstSubfolderSpec = 16;
			files = (
			);
			name = "Embed ExtensionKit Extensions";
			runOnlyForDeploymentPostprocessing = 0;
		};
/* End PBXCopyFilesBuildPhase section */

/* Begin PBXFileReference section */
		987AA2592C2EC870007EF100 /* WidgetKit.framework */ = {isa = PBXFileReference; lastKnownFileType = wrapper.framework; name = WidgetKit.framework; path = System/Library/Frameworks/WidgetKit.framework; sourceTree = SDKROOT; };
		987AA25B2C2EC870007EF100 /* SwiftUI.framework */ = {isa = PBXFileReference; lastKnownFileType = wrapper.framework; name = SwiftUI.framework; path = System/Library/Frameworks/SwiftUI.framework; sourceTree = SDKROOT; };
		987AA2762C2EEEB3007EF100 /* ChatAppWidgetExtension.appex */ = {isa = PBXFileReference; explicitFileType = "wrapper.app-extension"; includeInIndex = 0; path = ChatAppWidgetExtension.appex; sourceTree = BUILT_PRODUCTS_DIR; };
		987AA27A2C2EEEB3007EF100 /* ChatAppWidgetBundle.swift */ = {isa = PBXFileReference; lastKnownFileType = sourcecode.swift; path = ChatAppWidgetBundle.swift; sourceTree = "<group>"; };
		987AA27C2C2EEEB3007EF100 /* ChatAppWidget.swift */ = {isa = PBXFileReference; lastKnownFileType = sourcecode.swift; path = ChatAppWidget.swift; sourceTree = "<group>"; };
		987AA27E2C2EEEB6007EF100 /* Assets.xcassets */ = {isa = PBXFileReference; lastKnownFileType = folder.assetcatalog; path = Assets.xcassets; sourceTree = "<group>"; };
		987AA2802C2EEEB6007EF100 /* Info.plist */ = {isa = PBXFileReference; lastKnownFileType = text.plist.xml; path = Info.plist; sourceTree = "<group>"; };
		987AA2872C2EF5DC007EF100 /* SmallSizeWidgetView.swift */ = {isa = PBXFileReference; lastKnownFileType = sourcecode.swift; path = SmallSizeWidgetView.swift; sourceTree = "<group>"; };
		987AA2892C2EF5EB007EF100 /* MediumSizeWidgetView.swift */ = {isa = PBXFileReference; lastKnownFileType = sourcecode.swift; path = MediumSizeWidgetView.swift; sourceTree = "<group>"; };
		987AA28E2C2F5415007EF100 /* ChatInfo.swift */ = {isa = PBXFileReference; lastKnownFileType = sourcecode.swift; path = ChatInfo.swift; sourceTree = "<group>"; };
		987AA2922C2F5561007EF100 /* Status.swift */ = {isa = PBXFileReference; lastKnownFileType = sourcecode.swift; path = Status.swift; sourceTree = "<group>"; };
		987AA2962C2F5814007EF100 /* AvatarView.swift */ = {isa = PBXFileReference; lastKnownFileType = sourcecode.swift; path = AvatarView.swift; sourceTree = "<group>"; };
		987AA2992C2F5C7F007EF100 /* MessageView.swift */ = {isa = PBXFileReference; lastKnownFileType = sourcecode.swift; path = MessageView.swift; sourceTree = "<group>"; };
		987AA29B2C306420007EF100 /* MockChatService.swift */ = {isa = PBXFileReference; lastKnownFileType = sourcecode.swift; path = MockChatService.swift; sourceTree = "<group>"; };
		987AA2A02C3091B2007EF100 /* HeaderView.swift */ = {isa = PBXFileReference; lastKnownFileType = sourcecode.swift; path = HeaderView.swift; sourceTree = "<group>"; };
		987AA2A92C316F1B007EF100 /* Info.plist */ = {isa = PBXFileReference; lastKnownFileType = text.plist; path = Info.plist; sourceTree = "<group>"; };
		98CBE6BB2C161E1900D445FD /* ChatApp.app */ = {isa = PBXFileReference; explicitFileType = wrapper.application; includeInIndex = 0; path = ChatApp.app; sourceTree = BUILT_PRODUCTS_DIR; };
		98CBE6BE2C161E1900D445FD /* ChatAppApp.swift */ = {isa = PBXFileReference; lastKnownFileType = sourcecode.swift; path = ChatAppApp.swift; sourceTree = "<group>"; };
		98CBE6C02C161E1900D445FD /* ContentView.swift */ = {isa = PBXFileReference; lastKnownFileType = sourcecode.swift; path = ContentView.swift; sourceTree = "<group>"; };
		98CBE6C22C161E1F00D445FD /* Assets.xcassets */ = {isa = PBXFileReference; lastKnownFileType = folder.assetcatalog; path = Assets.xcassets; sourceTree = "<group>"; };
		98CBE6C42C161E1F00D445FD /* ChatApp.entitlements */ = {isa = PBXFileReference; lastKnownFileType = text.plist.entitlements; path = ChatApp.entitlements; sourceTree = "<group>"; };
		98CBE6C62C161E1F00D445FD /* Preview Assets.xcassets */ = {isa = PBXFileReference; lastKnownFileType = folder.assetcatalog; path = "Preview Assets.xcassets"; sourceTree = "<group>"; };
		98CBE6CD2C161F2200D445FD /* OnboardingScreen.swift */ = {isa = PBXFileReference; lastKnownFileType = sourcecode.swift; path = OnboardingScreen.swift; sourceTree = "<group>"; };
		98CBE6CF2C161F4600D445FD /* AuthScreen.swift */ = {isa = PBXFileReference; lastKnownFileType = sourcecode.swift; path = AuthScreen.swift; sourceTree = "<group>"; };
		98CBE6D32C161F9600D445FD /* Fonts.swift */ = {isa = PBXFileReference; lastKnownFileType = sourcecode.swift; path = Fonts.swift; sourceTree = "<group>"; };
		98CBE6D62C161FC500D445FD /* MainButtonStyle.swift */ = {isa = PBXFileReference; lastKnownFileType = sourcecode.swift; path = MainButtonStyle.swift; sourceTree = "<group>"; };
		98D5E9012C22153D004D493C /* ContactsScreen.swift */ = {isa = PBXFileReference; lastKnownFileType = sourcecode.swift; path = ContactsScreen.swift; sourceTree = "<group>"; };
		98D5E9052C221617004D493C /* Person.swift */ = {isa = PBXFileReference; lastKnownFileType = sourcecode.swift; path = Person.swift; sourceTree = "<group>"; };
		98D5E9072C236F04004D493C /* SearchView.swift */ = {isa = PBXFileReference; lastKnownFileType = sourcecode.swift; path = SearchView.swift; sourceTree = "<group>"; };
		98D5E90A2C245F6B004D493C /* ContactCell.swift */ = {isa = PBXFileReference; lastKnownFileType = sourcecode.swift; path = ContactCell.swift; sourceTree = "<group>"; };
		98D5E90C2C246043004D493C /* AvatarView.swift */ = {isa = PBXFileReference; lastKnownFileType = sourcecode.swift; path = AvatarView.swift; sourceTree = "<group>"; };
		98D5E90E2C2460D0004D493C /* StatusView.swift */ = {isa = PBXFileReference; lastKnownFileType = sourcecode.swift; path = StatusView.swift; sourceTree = "<group>"; };
		98D5E9102C24611C004D493C /* StoryView.swift */ = {isa = PBXFileReference; lastKnownFileType = sourcecode.swift; path = StoryView.swift; sourceTree = "<group>"; };
		98D5E9132C247F6C004D493C /* ProfileScreen.swift */ = {isa = PBXFileReference; lastKnownFileType = sourcecode.swift; path = ProfileScreen.swift; sourceTree = "<group>"; };
		98D5E91C2C24D3E8004D493C /* PersonAvatarView.swift */ = {isa = PBXFileReference; lastKnownFileType = sourcecode.swift; path = PersonAvatarView.swift; sourceTree = "<group>"; };
		98D5E91E2C24D433004D493C /* DismissButtonView.swift */ = {isa = PBXFileReference; lastKnownFileType = sourcecode.swift; path = DismissButtonView.swift; sourceTree = "<group>"; };
		98D5E9202C24D4AD004D493C /* PersonInfoView.swift */ = {isa = PBXFileReference; lastKnownFileType = sourcecode.swift; path = PersonInfoView.swift; sourceTree = "<group>"; };
		98E1DB0F2C31D18C00B0AAAB /* Provider.swift */ = {isa = PBXFileReference; lastKnownFileType = sourcecode.swift; path = Provider.swift; sourceTree = "<group>"; };
		98E1DB122C31D1FF00B0AAAB /* SimpleEntry.swift */ = {isa = PBXFileReference; lastKnownFileType = sourcecode.swift; path = SimpleEntry.swift; sourceTree = "<group>"; };
		98E1DB152C31D25000B0AAAB /* WidgetView.swift */ = {isa = PBXFileReference; lastKnownFileType = sourcecode.swift; path = WidgetView.swift; sourceTree = "<group>"; };
		98E1DB332C31D66E00B0AAAB /* Intents.framework */ = {isa = PBXFileReference; lastKnownFileType = wrapper.framework; name = Intents.framework; path = System/Library/Frameworks/Intents.framework; sourceTree = SDKROOT; };
		98E1DB932C3431CC00B0AAAB /* AppIntent.swift */ = {isa = PBXFileReference; lastKnownFileType = sourcecode.swift; path = AppIntent.swift; sourceTree = "<group>"; };
/* End PBXFileReference section */

/* Begin PBXFrameworksBuildPhase section */
		987AA2732C2EEEB3007EF100 /* Frameworks */ = {
			isa = PBXFrameworksBuildPhase;
			buildActionMask = 2147483647;
			files = (
				987AA2782C2EEEB3007EF100 /* SwiftUI.framework in Frameworks */,
				987AA2772C2EEEB3007EF100 /* WidgetKit.framework in Frameworks */,
			);
			runOnlyForDeploymentPostprocessing = 0;
		};
		98CBE6B82C161E1900D445FD /* Frameworks */ = {
			isa = PBXFrameworksBuildPhase;
			buildActionMask = 2147483647;
			files = (
			);
			runOnlyForDeploymentPostprocessing = 0;
		};
/* End PBXFrameworksBuildPhase section */

/* Begin PBXGroup section */
		987AA2582C2EC870007EF100 /* Frameworks */ = {
			isa = PBXGroup;
			children = (
				987AA2592C2EC870007EF100 /* WidgetKit.framework */,
				987AA25B2C2EC870007EF100 /* SwiftUI.framework */,
				98E1DB332C31D66E00B0AAAB /* Intents.framework */,
			);
			name = Frameworks;
			sourceTree = "<group>";
		};
		987AA2792C2EEEB3007EF100 /* ChatAppWidget */ = {
			isa = PBXGroup;
			children = (
				98E1DB952C343B1900B0AAAB /* AppIntent */,
				987AA28B2C2EF5F4007EF100 /* Views */,
				987AA27A2C2EEEB3007EF100 /* ChatAppWidgetBundle.swift */,
				98E1DB0F2C31D18C00B0AAAB /* Provider.swift */,
				987AA27C2C2EEEB3007EF100 /* ChatAppWidget.swift */,
				98E1DB152C31D25000B0AAAB /* WidgetView.swift */,
				98E1DB122C31D1FF00B0AAAB /* SimpleEntry.swift */,
				987AA27E2C2EEEB6007EF100 /* Assets.xcassets */,
				987AA2802C2EEEB6007EF100 /* Info.plist */,
			);
			path = ChatAppWidget;
			sourceTree = "<group>";
		};
		987AA28B2C2EF5F4007EF100 /* Views */ = {
			isa = PBXGroup;
			children = (
				987AA2872C2EF5DC007EF100 /* SmallSizeWidgetView.swift */,
				987AA2892C2EF5EB007EF100 /* MediumSizeWidgetView.swift */,
				987AA2962C2F5814007EF100 /* AvatarView.swift */,
				987AA2A02C3091B2007EF100 /* HeaderView.swift */,
				987AA2992C2F5C7F007EF100 /* MessageView.swift */,
			);
			path = Views;
			sourceTree = "<group>";
		};
		987AA28D2C2F5400007EF100 /* Chats */ = {
			isa = PBXGroup;
			children = (
				987AA2902C2F541E007EF100 /* Models */,
			);
			path = Chats;
			sourceTree = "<group>";
		};
		987AA2902C2F541E007EF100 /* Models */ = {
			isa = PBXGroup;
			children = (
				987AA28E2C2F5415007EF100 /* ChatInfo.swift */,
			);
			name = Models;
			sourceTree = "<group>";
		};
		98CBE6B22C161E1900D445FD = {
			isa = PBXGroup;
			children = (
				98CBE6BD2C161E1900D445FD /* ChatApp */,
				987AA2792C2EEEB3007EF100 /* ChatAppWidget */,
				987AA2582C2EC870007EF100 /* Frameworks */,
				98CBE6BC2C161E1900D445FD /* Products */,
			);
			sourceTree = "<group>";
		};
		98CBE6BC2C161E1900D445FD /* Products */ = {
			isa = PBXGroup;
			children = (
				98CBE6BB2C161E1900D445FD /* ChatApp.app */,
				987AA2762C2EEEB3007EF100 /* ChatAppWidgetExtension.appex */,
			);
			name = Products;
			sourceTree = "<group>";
		};
		98CBE6BD2C161E1900D445FD /* ChatApp */ = {
			isa = PBXGroup;
			children = (
				987AA2A92C316F1B007EF100 /* Info.plist */,
				98CBE6BE2C161E1900D445FD /* ChatAppApp.swift */,
				98CBE6C02C161E1900D445FD /* ContentView.swift */,
				98CBE6CD2C161F2200D445FD /* OnboardingScreen.swift */,
				98E1DB172C31D2D900B0AAAB /* Services */,
				987AA28D2C2F5400007EF100 /* Chats */,
				98D5E9122C247F48004D493C /* Profile */,
				98D5E9032C22158F004D493C /* Contacts */,
				98CBE6CF2C161F4600D445FD /* AuthScreen.swift */,
				98CBE6D52C161FB000D445FD /* CommonViews */,
				98CBE6D12C161F7100D445FD /* SupportingFiles */,
				98CBE6C22C161E1F00D445FD /* Assets.xcassets */,
				98CBE6C42C161E1F00D445FD /* ChatApp.entitlements */,
				98CBE6C52C161E1F00D445FD /* Preview Content */,
			);
			path = ChatApp;
			sourceTree = "<group>";
		};
		98CBE6C52C161E1F00D445FD /* Preview Content */ = {
			isa = PBXGroup;
			children = (
				98CBE6C62C161E1F00D445FD /* Preview Assets.xcassets */,
			);
			path = "Preview Content";
			sourceTree = "<group>";
		};
		98CBE6D12C161F7100D445FD /* SupportingFiles */ = {
			isa = PBXGroup;
			children = (
				98CBE6D22C161F7B00D445FD /* Fonts */,
			);
			path = SupportingFiles;
			sourceTree = "<group>";
		};
		98CBE6D22C161F7B00D445FD /* Fonts */ = {
			isa = PBXGroup;
			children = (
				98CBE6D32C161F9600D445FD /* Fonts.swift */,
			);
			path = Fonts;
			sourceTree = "<group>";
		};
		98CBE6D52C161FB000D445FD /* CommonViews */ = {
			isa = PBXGroup;
			children = (
				98CBE6D62C161FC500D445FD /* MainButtonStyle.swift */,
				98D5E9072C236F04004D493C /* SearchView.swift */,
				98D5E91E2C24D433004D493C /* DismissButtonView.swift */,
			);
			path = CommonViews;
			sourceTree = "<group>";
		};
		98D5E9032C22158F004D493C /* Contacts */ = {
			isa = PBXGroup;
			children = (
				98D5E9092C245F0A004D493C /* Views */,
				98D5E9042C2215FC004D493C /* Models */,
				98D5E9012C22153D004D493C /* ContactsScreen.swift */,
			);
			path = Contacts;
			sourceTree = "<group>";
		};
		98D5E9042C2215FC004D493C /* Models */ = {
			isa = PBXGroup;
			children = (
				98D5E9052C221617004D493C /* Person.swift */,
				987AA2922C2F5561007EF100 /* Status.swift */,
			);
			path = Models;
			sourceTree = "<group>";
		};
		98D5E9092C245F0A004D493C /* Views */ = {
			isa = PBXGroup;
			children = (
				98D5E90A2C245F6B004D493C /* ContactCell.swift */,
				98D5E90C2C246043004D493C /* AvatarView.swift */,
				98D5E90E2C2460D0004D493C /* StatusView.swift */,
				98D5E9102C24611C004D493C /* StoryView.swift */,
			);
			path = Views;
			sourceTree = "<group>";
		};
		98D5E9122C247F48004D493C /* Profile */ = {
			isa = PBXGroup;
			children = (
				98D5E9152C249F8C004D493C /* Views */,
				98D5E9132C247F6C004D493C /* ProfileScreen.swift */,
			);
			path = Profile;
			sourceTree = "<group>";
		};
		98D5E9152C249F8C004D493C /* Views */ = {
			isa = PBXGroup;
			children = (
				98D5E91C2C24D3E8004D493C /* PersonAvatarView.swift */,
				98D5E9202C24D4AD004D493C /* PersonInfoView.swift */,
			);
			path = Views;
			sourceTree = "<group>";
		};
		98E1DB172C31D2D900B0AAAB /* Services */ = {
			isa = PBXGroup;
			children = (
				987AA29B2C306420007EF100 /* MockChatService.swift */,
			);
			path = Services;
			sourceTree = "<group>";
		};
		98E1DB952C343B1900B0AAAB /* AppIntent */ = {
			isa = PBXGroup;
			children = (
				98E1DB932C3431CC00B0AAAB /* AppIntent.swift */,
			);
			path = AppIntent;
			sourceTree = "<group>";
		};
/* End PBXGroup section */

/* Begin PBXNativeTarget section */
		987AA2752C2EEEB3007EF100 /* ChatAppWidgetExtension */ = {
			isa = PBXNativeTarget;
			buildConfigurationList = 987AA2842C2EEEB6007EF100 /* Build configuration list for PBXNativeTarget "ChatAppWidgetExtension" */;
			buildPhases = (
				987AA2722C2EEEB3007EF100 /* Sources */,
				987AA2732C2EEEB3007EF100 /* Frameworks */,
				987AA2742C2EEEB3007EF100 /* Resources */,
			);
			buildRules = (
			);
			dependencies = (
			);
			name = ChatAppWidgetExtension;
			productName = ChatAppWidgetExtension;
			productReference = 987AA2762C2EEEB3007EF100 /* ChatAppWidgetExtension.appex */;
			productType = "com.apple.product-type.app-extension";
		};
		98CBE6BA2C161E1900D445FD /* ChatApp */ = {
			isa = PBXNativeTarget;
			buildConfigurationList = 98CBE6CA2C161E1F00D445FD /* Build configuration list for PBXNativeTarget "ChatApp" */;
			buildPhases = (
				98CBE6B72C161E1900D445FD /* Sources */,
				98CBE6B82C161E1900D445FD /* Frameworks */,
				98CBE6B92C161E1900D445FD /* Resources */,
				987AA2682C2EC877007EF100 /* Embed Foundation Extensions */,
				98E1DB292C31D4EF00B0AAAB /* Embed ExtensionKit Extensions */,
			);
			buildRules = (
			);
			dependencies = (
				987AA2822C2EEEB6007EF100 /* PBXTargetDependency */,
			);
			name = ChatApp;
			productName = ChatApp;
			productReference = 98CBE6BB2C161E1900D445FD /* ChatApp.app */;
			productType = "com.apple.product-type.application";
		};
/* End PBXNativeTarget section */

/* Begin PBXProject section */
		98CBE6B32C161E1900D445FD /* Project object */ = {
			isa = PBXProject;
			attributes = {
				BuildIndependentTargetsInParallel = 1;
				LastSwiftUpdateCheck = 1540;
				LastUpgradeCheck = 1520;
				TargetAttributes = {
					987AA2752C2EEEB3007EF100 = {
						CreatedOnToolsVersion = 15.4;
					};
					98CBE6BA2C161E1900D445FD = {
						CreatedOnToolsVersion = 15.2;
					};
				};
			};
			buildConfigurationList = 98CBE6B62C161E1900D445FD /* Build configuration list for PBXProject "ChatApp" */;
			compatibilityVersion = "Xcode 14.0";
			developmentRegion = en;
			hasScannedForEncodings = 0;
			knownRegions = (
				en,
				Base,
			);
			mainGroup = 98CBE6B22C161E1900D445FD;
			productRefGroup = 98CBE6BC2C161E1900D445FD /* Products */;
			projectDirPath = "";
			projectRoot = "";
			targets = (
				98CBE6BA2C161E1900D445FD /* ChatApp */,
				987AA2752C2EEEB3007EF100 /* ChatAppWidgetExtension */,
			);
		};
/* End PBXProject section */

/* Begin PBXResourcesBuildPhase section */
		987AA2742C2EEEB3007EF100 /* Resources */ = {
			isa = PBXResourcesBuildPhase;
			buildActionMask = 2147483647;
			files = (
				98E1DB962C343CB500B0AAAB /* Assets.xcassets in Resources */,
				987AA27F2C2EEEB6007EF100 /* Assets.xcassets in Resources */,
			);
			runOnlyForDeploymentPostprocessing = 0;
		};
		98CBE6B92C161E1900D445FD /* Resources */ = {
			isa = PBXResourcesBuildPhase;
			buildActionMask = 2147483647;
			files = (
				98CBE6C72C161E1F00D445FD /* Preview Assets.xcassets in Resources */,
				98CBE6C32C161E1F00D445FD /* Assets.xcassets in Resources */,
			);
			runOnlyForDeploymentPostprocessing = 0;
		};
/* End PBXResourcesBuildPhase section */

/* Begin PBXSourcesBuildPhase section */
		987AA2722C2EEEB3007EF100 /* Sources */ = {
			isa = PBXSourcesBuildPhase;
			buildActionMask = 2147483647;
			files = (
				98E1DB142C31D20100B0AAAB /* SimpleEntry.swift in Sources */,
				987AA28A2C2EF5EB007EF100 /* MediumSizeWidgetView.swift in Sources */,
				987AA29D2C30657E007EF100 /* MockChatService.swift in Sources */,
				987AA27B2C2EEEB3007EF100 /* ChatAppWidgetBundle.swift in Sources */,
				987AA27D2C2EEEB3007EF100 /* ChatAppWidget.swift in Sources */,
				987AA2912C2F54C2007EF100 /* ChatInfo.swift in Sources */,
				987AA2A12C3091B2007EF100 /* HeaderView.swift in Sources */,
				987AA29A2C2F5C80007EF100 /* MessageView.swift in Sources */,
				987AA2972C2F5814007EF100 /* AvatarView.swift in Sources */,
				98E1DB162C31D25000B0AAAB /* WidgetView.swift in Sources */,
				987AA2A52C309A0B007EF100 /* Fonts.swift in Sources */,
				98E1DB112C31D18F00B0AAAB /* Provider.swift in Sources */,
				98E1DB942C3431CC00B0AAAB /* AppIntent.swift in Sources */,
				987AA2882C2EF5DC007EF100 /* SmallSizeWidgetView.swift in Sources */,
				987AA2942C2F5565007EF100 /* Status.swift in Sources */,
			);
			runOnlyForDeploymentPostprocessing = 0;
		};
		98CBE6B72C161E1900D445FD /* Sources */ = {
			isa = PBXSourcesBuildPhase;
			buildActionMask = 2147483647;
			files = (
				98D5E90B2C245F6C004D493C /* ContactCell.swift in Sources */,
				98D5E9142C247F6D004D493C /* ProfileScreen.swift in Sources */,
				98D5E9022C22153D004D493C /* ContactsScreen.swift in Sources */,
				98D5E90F2C2460D0004D493C /* StatusView.swift in Sources */,
				98D5E9082C236F04004D493C /* SearchView.swift in Sources */,
				98D5E91F2C24D433004D493C /* DismissButtonView.swift in Sources */,
				98CBE6C12C161E1900D445FD /* ContentView.swift in Sources */,
				98CBE6D42C161F9600D445FD /* Fonts.swift in Sources */,
				987AA2982C2F582C007EF100 /* AvatarView.swift in Sources */,
				98CBE6D72C161FC500D445FD /* MainButtonStyle.swift in Sources */,
				98D5E9212C24D4AD004D493C /* PersonInfoView.swift in Sources */,
				98D5E91D2C24D3E8004D493C /* PersonAvatarView.swift in Sources */,
				98CBE6BF2C161E1900D445FD /* ChatAppApp.swift in Sources */,
				987AA28F2C2F5415007EF100 /* ChatInfo.swift in Sources */,
				987AA29C2C306421007EF100 /* MockChatService.swift in Sources */,
				98D5E9112C24611C004D493C /* StoryView.swift in Sources */,
				98CBE6D02C161F4600D445FD /* AuthScreen.swift in Sources */,
				98D5E9062C221617004D493C /* Person.swift in Sources */,
				987AA2932C2F5561007EF100 /* Status.swift in Sources */,
				98CBE6CE2C161F2200D445FD /* OnboardingScreen.swift in Sources */,
			);
			runOnlyForDeploymentPostprocessing = 0;
		};
/* End PBXSourcesBuildPhase section */

/* Begin PBXTargetDependency section */
		987AA2822C2EEEB6007EF100 /* PBXTargetDependency */ = {
			isa = PBXTargetDependency;
			target = 987AA2752C2EEEB3007EF100 /* ChatAppWidgetExtension */;
			targetProxy = 987AA2812C2EEEB6007EF100 /* PBXContainerItemProxy */;
		};
/* End PBXTargetDependency section */

/* Begin XCBuildConfiguration section */
		987AA2852C2EEEB6007EF100 /* Debug */ = {
			isa = XCBuildConfiguration;
			buildSettings = {
				ASSETCATALOG_COMPILER_GLOBAL_ACCENT_COLOR_NAME = AccentColor;
				ASSETCATALOG_COMPILER_WIDGET_BACKGROUND_COLOR_NAME = WidgetBackground;
				CODE_SIGN_STYLE = Automatic;
				CURRENT_PROJECT_VERSION = 1;
				GENERATE_INFOPLIST_FILE = YES;
				INFOPLIST_FILE = ChatAppWidget/Info.plist;
				INFOPLIST_KEY_CFBundleDisplayName = ChatAppWidget;
				INFOPLIST_KEY_NSHumanReadableCopyright = "";
				IPHONEOS_DEPLOYMENT_TARGET = 17.0;
				LD_RUNPATH_SEARCH_PATHS = (
					"$(inherited)",
					"@executable_path/Frameworks",
					"@executable_path/../../Frameworks",
				);
				MARKETING_VERSION = 1.0;
				PRODUCT_BUNDLE_IDENTIFIER = "nk-kos.ChatApp.ChatAppWidget";
				PRODUCT_NAME = "$(TARGET_NAME)";
				SDKROOT = iphoneos;
				SKIP_INSTALL = YES;
				SWIFT_EMIT_LOC_STRINGS = YES;
				SWIFT_VERSION = 5.0;
				TARGETED_DEVICE_FAMILY = "1,2";
			};
			name = Debug;
		};
		987AA2862C2EEEB6007EF100 /* Release */ = {
			isa = XCBuildConfiguration;
			buildSettings = {
				ASSETCATALOG_COMPILER_GLOBAL_ACCENT_COLOR_NAME = AccentColor;
				ASSETCATALOG_COMPILER_WIDGET_BACKGROUND_COLOR_NAME = WidgetBackground;
				CODE_SIGN_STYLE = Automatic;
				CURRENT_PROJECT_VERSION = 1;
				GENERATE_INFOPLIST_FILE = YES;
				INFOPLIST_FILE = ChatAppWidget/Info.plist;
				INFOPLIST_KEY_CFBundleDisplayName = ChatAppWidget;
				INFOPLIST_KEY_NSHumanReadableCopyright = "";
				IPHONEOS_DEPLOYMENT_TARGET = 17.0;
				LD_RUNPATH_SEARCH_PATHS = (
					"$(inherited)",
					"@executable_path/Frameworks",
					"@executable_path/../../Frameworks",
				);
				MARKETING_VERSION = 1.0;
				PRODUCT_BUNDLE_IDENTIFIER = "nk-kos.ChatApp.ChatAppWidget";
				PRODUCT_NAME = "$(TARGET_NAME)";
				SDKROOT = iphoneos;
				SKIP_INSTALL = YES;
				SWIFT_EMIT_LOC_STRINGS = YES;
				SWIFT_VERSION = 5.0;
				TARGETED_DEVICE_FAMILY = "1,2";
				VALIDATE_PRODUCT = YES;
			};
			name = Release;
		};
		98CBE6C82C161E1F00D445FD /* Debug */ = {
			isa = XCBuildConfiguration;
			buildSettings = {
				ALWAYS_SEARCH_USER_PATHS = NO;
				ASSETCATALOG_COMPILER_GENERATE_SWIFT_ASSET_SYMBOL_EXTENSIONS = YES;
				CLANG_ANALYZER_NONNULL = YES;
				CLANG_ANALYZER_NUMBER_OBJECT_CONVERSION = YES_AGGRESSIVE;
				CLANG_CXX_LANGUAGE_STANDARD = "gnu++20";
				CLANG_ENABLE_MODULES = YES;
				CLANG_ENABLE_OBJC_ARC = YES;
				CLANG_ENABLE_OBJC_WEAK = YES;
				CLANG_WARN_BLOCK_CAPTURE_AUTORELEASING = YES;
				CLANG_WARN_BOOL_CONVERSION = YES;
				CLANG_WARN_COMMA = YES;
				CLANG_WARN_CONSTANT_CONVERSION = YES;
				CLANG_WARN_DEPRECATED_OBJC_IMPLEMENTATIONS = YES;
				CLANG_WARN_DIRECT_OBJC_ISA_USAGE = YES_ERROR;
				CLANG_WARN_DOCUMENTATION_COMMENTS = YES;
				CLANG_WARN_EMPTY_BODY = YES;
				CLANG_WARN_ENUM_CONVERSION = YES;
				CLANG_WARN_INFINITE_RECURSION = YES;
				CLANG_WARN_INT_CONVERSION = YES;
				CLANG_WARN_NON_LITERAL_NULL_CONVERSION = YES;
				CLANG_WARN_OBJC_IMPLICIT_RETAIN_SELF = YES;
				CLANG_WARN_OBJC_LITERAL_CONVERSION = YES;
				CLANG_WARN_OBJC_ROOT_CLASS = YES_ERROR;
				CLANG_WARN_QUOTED_INCLUDE_IN_FRAMEWORK_HEADER = YES;
				CLANG_WARN_RANGE_LOOP_ANALYSIS = YES;
				CLANG_WARN_STRICT_PROTOTYPES = YES;
				CLANG_WARN_SUSPICIOUS_MOVE = YES;
				CLANG_WARN_UNGUARDED_AVAILABILITY = YES_AGGRESSIVE;
				CLANG_WARN_UNREACHABLE_CODE = YES;
				CLANG_WARN__DUPLICATE_METHOD_MATCH = YES;
				COPY_PHASE_STRIP = NO;
				DEBUG_INFORMATION_FORMAT = dwarf;
				ENABLE_STRICT_OBJC_MSGSEND = YES;
				ENABLE_TESTABILITY = YES;
				ENABLE_USER_SCRIPT_SANDBOXING = YES;
				GCC_C_LANGUAGE_STANDARD = gnu17;
				GCC_DYNAMIC_NO_PIC = NO;
				GCC_NO_COMMON_BLOCKS = YES;
				GCC_OPTIMIZATION_LEVEL = 0;
				GCC_PREPROCESSOR_DEFINITIONS = (
					"DEBUG=1",
					"$(inherited)",
				);
				GCC_WARN_64_TO_32_BIT_CONVERSION = YES;
				GCC_WARN_ABOUT_RETURN_TYPE = YES_ERROR;
				GCC_WARN_UNDECLARED_SELECTOR = YES;
				GCC_WARN_UNINITIALIZED_AUTOS = YES_AGGRESSIVE;
				GCC_WARN_UNUSED_FUNCTION = YES;
				GCC_WARN_UNUSED_VARIABLE = YES;
				LOCALIZATION_PREFERS_STRING_CATALOGS = YES;
				MTL_ENABLE_DEBUG_INFO = INCLUDE_SOURCE;
				MTL_FAST_MATH = YES;
				ONLY_ACTIVE_ARCH = YES;
				SWIFT_ACTIVE_COMPILATION_CONDITIONS = "DEBUG $(inherited)";
				SWIFT_OPTIMIZATION_LEVEL = "-Onone";
			};
			name = Debug;
		};
		98CBE6C92C161E1F00D445FD /* Release */ = {
			isa = XCBuildConfiguration;
			buildSettings = {
				ALWAYS_SEARCH_USER_PATHS = NO;
				ASSETCATALOG_COMPILER_GENERATE_SWIFT_ASSET_SYMBOL_EXTENSIONS = YES;
				CLANG_ANALYZER_NONNULL = YES;
				CLANG_ANALYZER_NUMBER_OBJECT_CONVERSION = YES_AGGRESSIVE;
				CLANG_CXX_LANGUAGE_STANDARD = "gnu++20";
				CLANG_ENABLE_MODULES = YES;
				CLANG_ENABLE_OBJC_ARC = YES;
				CLANG_ENABLE_OBJC_WEAK = YES;
				CLANG_WARN_BLOCK_CAPTURE_AUTORELEASING = YES;
				CLANG_WARN_BOOL_CONVERSION = YES;
				CLANG_WARN_COMMA = YES;
				CLANG_WARN_CONSTANT_CONVERSION = YES;
				CLANG_WARN_DEPRECATED_OBJC_IMPLEMENTATIONS = YES;
				CLANG_WARN_DIRECT_OBJC_ISA_USAGE = YES_ERROR;
				CLANG_WARN_DOCUMENTATION_COMMENTS = YES;
				CLANG_WARN_EMPTY_BODY = YES;
				CLANG_WARN_ENUM_CONVERSION = YES;
				CLANG_WARN_INFINITE_RECURSION = YES;
				CLANG_WARN_INT_CONVERSION = YES;
				CLANG_WARN_NON_LITERAL_NULL_CONVERSION = YES;
				CLANG_WARN_OBJC_IMPLICIT_RETAIN_SELF = YES;
				CLANG_WARN_OBJC_LITERAL_CONVERSION = YES;
				CLANG_WARN_OBJC_ROOT_CLASS = YES_ERROR;
				CLANG_WARN_QUOTED_INCLUDE_IN_FRAMEWORK_HEADER = YES;
				CLANG_WARN_RANGE_LOOP_ANALYSIS = YES;
				CLANG_WARN_STRICT_PROTOTYPES = YES;
				CLANG_WARN_SUSPICIOUS_MOVE = YES;
				CLANG_WARN_UNGUARDED_AVAILABILITY = YES_AGGRESSIVE;
				CLANG_WARN_UNREACHABLE_CODE = YES;
				CLANG_WARN__DUPLICATE_METHOD_MATCH = YES;
				COPY_PHASE_STRIP = NO;
				DEBUG_INFORMATION_FORMAT = "dwarf-with-dsym";
				ENABLE_NS_ASSERTIONS = NO;
				ENABLE_STRICT_OBJC_MSGSEND = YES;
				ENABLE_USER_SCRIPT_SANDBOXING = YES;
				GCC_C_LANGUAGE_STANDARD = gnu17;
				GCC_NO_COMMON_BLOCKS = YES;
				GCC_WARN_64_TO_32_BIT_CONVERSION = YES;
				GCC_WARN_ABOUT_RETURN_TYPE = YES_ERROR;
				GCC_WARN_UNDECLARED_SELECTOR = YES;
				GCC_WARN_UNINITIALIZED_AUTOS = YES_AGGRESSIVE;
				GCC_WARN_UNUSED_FUNCTION = YES;
				GCC_WARN_UNUSED_VARIABLE = YES;
				LOCALIZATION_PREFERS_STRING_CATALOGS = YES;
				MTL_ENABLE_DEBUG_INFO = NO;
				MTL_FAST_MATH = YES;
				SWIFT_COMPILATION_MODE = wholemodule;
			};
			name = Release;
		};
		98CBE6CB2C161E1F00D445FD /* Debug */ = {
			isa = XCBuildConfiguration;
			buildSettings = {
				ALWAYS_EMBED_SWIFT_STANDARD_LIBRARIES = YES;
				ASSETCATALOG_COMPILER_APPICON_NAME = AppIcon;
				ASSETCATALOG_COMPILER_GLOBAL_ACCENT_COLOR_NAME = AccentColor;
				CODE_SIGN_ENTITLEMENTS = ChatApp/ChatApp.entitlements;
				CODE_SIGN_STYLE = Automatic;
				CURRENT_PROJECT_VERSION = 1;
				DEVELOPMENT_ASSET_PATHS = "\"ChatApp/Preview Content\"";
				ENABLE_PREVIEWS = YES;
				GENERATE_INFOPLIST_FILE = YES;
				INFOPLIST_FILE = ChatApp/Info.plist;
				"INFOPLIST_KEY_UIApplicationSceneManifest_Generation[sdk=iphoneos*]" = YES;
				"INFOPLIST_KEY_UIApplicationSceneManifest_Generation[sdk=iphonesimulator*]" = YES;
				"INFOPLIST_KEY_UIApplicationSupportsIndirectInputEvents[sdk=iphoneos*]" = YES;
				"INFOPLIST_KEY_UIApplicationSupportsIndirectInputEvents[sdk=iphonesimulator*]" = YES;
				"INFOPLIST_KEY_UILaunchScreen_Generation[sdk=iphoneos*]" = YES;
				"INFOPLIST_KEY_UILaunchScreen_Generation[sdk=iphonesimulator*]" = YES;
				INFOPLIST_KEY_UIStatusBarStyle = "";
				"INFOPLIST_KEY_UIStatusBarStyle[sdk=iphoneos*]" = UIStatusBarStyleDefault;
				"INFOPLIST_KEY_UIStatusBarStyle[sdk=iphonesimulator*]" = UIStatusBarStyleDefault;
				INFOPLIST_KEY_UISupportedInterfaceOrientations_iPad = "UIInterfaceOrientationPortrait UIInterfaceOrientationPortraitUpsideDown UIInterfaceOrientationLandscapeLeft UIInterfaceOrientationLandscapeRight";
				INFOPLIST_KEY_UISupportedInterfaceOrientations_iPhone = "UIInterfaceOrientationPortrait UIInterfaceOrientationLandscapeLeft UIInterfaceOrientationLandscapeRight";
				IPHONEOS_DEPLOYMENT_TARGET = 16.0;
				LD_RUNPATH_SEARCH_PATHS = "@executable_path/Frameworks";
				"LD_RUNPATH_SEARCH_PATHS[sdk=macosx*]" = "@executable_path/../Frameworks";
				MACOSX_DEPLOYMENT_TARGET = 14.2;
				MARKETING_VERSION = 1.0;
				PRODUCT_BUNDLE_IDENTIFIER = "nk-kos.ChatApp";
				PRODUCT_NAME = "$(TARGET_NAME)";
				SDKROOT = auto;
				SUPPORTED_PLATFORMS = "iphoneos iphonesimulator";
				SUPPORTS_MACCATALYST = NO;
				SWIFT_EMIT_LOC_STRINGS = YES;
				SWIFT_VERSION = 5.0;
				TARGETED_DEVICE_FAMILY = "1,2";
			};
			name = Debug;
		};
		98CBE6CC2C161E1F00D445FD /* Release */ = {
			isa = XCBuildConfiguration;
			buildSettings = {
				ALWAYS_EMBED_SWIFT_STANDARD_LIBRARIES = YES;
				ASSETCATALOG_COMPILER_APPICON_NAME = AppIcon;
				ASSETCATALOG_COMPILER_GLOBAL_ACCENT_COLOR_NAME = AccentColor;
				CODE_SIGN_ENTITLEMENTS = ChatApp/ChatApp.entitlements;
				CODE_SIGN_STYLE = Automatic;
				CURRENT_PROJECT_VERSION = 1;
				DEVELOPMENT_ASSET_PATHS = "\"ChatApp/Preview Content\"";
				ENABLE_PREVIEWS = YES;
				GENERATE_INFOPLIST_FILE = YES;
				INFOPLIST_FILE = ChatApp/Info.plist;
				"INFOPLIST_KEY_UIApplicationSceneManifest_Generation[sdk=iphoneos*]" = YES;
				"INFOPLIST_KEY_UIApplicationSceneManifest_Generation[sdk=iphonesimulator*]" = YES;
				"INFOPLIST_KEY_UIApplicationSupportsIndirectInputEvents[sdk=iphoneos*]" = YES;
				"INFOPLIST_KEY_UIApplicationSupportsIndirectInputEvents[sdk=iphonesimulator*]" = YES;
				"INFOPLIST_KEY_UILaunchScreen_Generation[sdk=iphoneos*]" = YES;
				"INFOPLIST_KEY_UILaunchScreen_Generation[sdk=iphonesimulator*]" = YES;
				INFOPLIST_KEY_UIStatusBarStyle = "";
				"INFOPLIST_KEY_UIStatusBarStyle[sdk=iphoneos*]" = UIStatusBarStyleDefault;
				"INFOPLIST_KEY_UIStatusBarStyle[sdk=iphonesimulator*]" = UIStatusBarStyleDefault;
				INFOPLIST_KEY_UISupportedInterfaceOrientations_iPad = "UIInterfaceOrientationPortrait UIInterfaceOrientationPortraitUpsideDown UIInterfaceOrientationLandscapeLeft UIInterfaceOrientationLandscapeRight";
				INFOPLIST_KEY_UISupportedInterfaceOrientations_iPhone = "UIInterfaceOrientationPortrait UIInterfaceOrientationLandscapeLeft UIInterfaceOrientationLandscapeRight";
				IPHONEOS_DEPLOYMENT_TARGET = 16.0;
				LD_RUNPATH_SEARCH_PATHS = "@executable_path/Frameworks";
				"LD_RUNPATH_SEARCH_PATHS[sdk=macosx*]" = "@executable_path/../Frameworks";
				MACOSX_DEPLOYMENT_TARGET = 14.2;
				MARKETING_VERSION = 1.0;
				PRODUCT_BUNDLE_IDENTIFIER = "nk-kos.ChatApp";
				PRODUCT_NAME = "$(TARGET_NAME)";
				SDKROOT = auto;
				SUPPORTED_PLATFORMS = "iphoneos iphonesimulator";
				SUPPORTS_MACCATALYST = NO;
				SWIFT_EMIT_LOC_STRINGS = YES;
				SWIFT_VERSION = 5.0;
				TARGETED_DEVICE_FAMILY = "1,2";
			};
			name = Release;
		};
/* End XCBuildConfiguration section */

/* Begin XCConfigurationList section */
		987AA2842C2EEEB6007EF100 /* Build configuration list for PBXNativeTarget "ChatAppWidgetExtension" */ = {
			isa = XCConfigurationList;
			buildConfigurations = (
				987AA2852C2EEEB6007EF100 /* Debug */,
				987AA2862C2EEEB6007EF100 /* Release */,
			);
			defaultConfigurationIsVisible = 0;
			defaultConfigurationName = Release;
		};
		98CBE6B62C161E1900D445FD /* Build configuration list for PBXProject "ChatApp" */ = {
			isa = XCConfigurationList;
			buildConfigurations = (
				98CBE6C82C161E1F00D445FD /* Debug */,
				98CBE6C92C161E1F00D445FD /* Release */,
			);
			defaultConfigurationIsVisible = 0;
			defaultConfigurationName = Release;
		};
		98CBE6CA2C161E1F00D445FD /* Build configuration list for PBXNativeTarget "ChatApp" */ = {
			isa = XCConfigurationList;
			buildConfigurations = (
				98CBE6CB2C161E1F00D445FD /* Debug */,
				98CBE6CC2C161E1F00D445FD /* Release */,
			);
			defaultConfigurationIsVisible = 0;
			defaultConfigurationName = Release;
		};
/* End XCConfigurationList section */
	};
	rootObject = 98CBE6B32C161E1900D445FD /* Project object */;
}
